<?xml version="1.0" encoding="utf-8"?>
<Project ToolsVersion="4.0" xmlns="http://schemas.microsoft.com/developer/msbuild/2003">
  <ItemGroup>
    <Filter Include="源文件">
      <UniqueIdentifier>{4FC737F1-C7A5-4376-A066-2A32D752A2FF}</UniqueIdentifier>
      <Extensions>cpp;c;cc;cxx;c++;cppm;ixx;def;odl;idl;hpj;bat;asm;asmx</Extensions>
    </Filter>
    <Filter Include="头文件">
      <UniqueIdentifier>{93995380-89BD-4b04-88EB-625FBE52EBFB}</UniqueIdentifier>
      <Extensions>h;hh;hpp;hxx;h++;hm;inl;inc;ipp;xsd</Extensions>
    </Filter>
    <Filter Include="资源文件">
      <UniqueIdentifier>{67DA6AB6-F800-4c08-8B7A-83BB121AAD01}</UniqueIdentifier>
      <Extensions>rc;ico;cur;bmp;dlg;rc2;rct;bin;rgs;gif;jpg;jpeg;jpe;resx;tiff;tif;png;wav;mfcribbon-ms</Extensions>
    </Filter>
    <Filter Include="源文件\dumper">
      <UniqueIdentifier>{2a78f6d1-8637-4c05-bc61-de7247314d1d}</UniqueIdentifier>
    </Filter>
    <Filter Include="源文件\bios">
      <UniqueIdentifier>{51965d3c-9fe9-4c60-a0e2-419ecdbf60af}</UniqueIdentifier>
    </Filter>
  </ItemGroup>
  <ItemGroup>
    <ClCompile Include="..\src\luaos.cpp">
      <Filter>源文件</Filter>
    </ClCompile>
    <ClCompile Include="..\src\luaos_local.cpp">
      <Filter>源文件</Filter>
    </ClCompile>
    <ClCompile Include="..\src\luaos_state.cpp">
      <Filter>源文件</Filter>
    </ClCompile>
    <ClCompile Include="..\src\luaos_socket.cpp">
      <Filter>源文件</Filter>
    </ClCompile>
    <ClCompile Include="..\src\luaos_subscriber.cpp">
      <Filter>源文件</Filter>
    </ClCompile>
    <ClCompile Include="..\src\luaos_logo.cpp">
      <Filter>源文件</Filter>
    </ClCompile>
    <ClCompile Include="..\src\dumper\ifdumper.cpp">
      <Filter>源文件\dumper</Filter>
    </ClCompile>
    <ClCompile Include="..\src\luaos_traceback.cpp">
      <Filter>源文件</Filter>
    </ClCompile>
    <ClCompile Include="..\src\luaos_compile.cpp">
      <Filter>源文件</Filter>
    </ClCompile>
    <ClCompile Include="..\src\bios\bios.cpp">
      <Filter>源文件\bios</Filter>
    </ClCompile>
    <ClCompile Include="..\src\luaos_mc.cpp">
      <Filter>源文件</Filter>
    </ClCompile>
    <ClCompile Include="..\src\luaos_storage.cpp">
      <Filter>源文件</Filter>
    </ClCompile>
    <ClCompile Include="..\src\luaos_rpcall.cpp">
      <Filter>源文件</Filter>
    </ClCompile>
    <ClCompile Include="..\src\luaos_master.cpp">
      <Filter>源文件</Filter>
    </ClCompile>
    <ClCompile Include="..\src\luaos_pack.cpp">
      <Filter>源文件</Filter>
    </ClCompile>
    <ClCompile Include="..\src\luaos_value.cpp">
      <Filter>源文件</Filter>
    </ClCompile>
    <ClCompile Include="..\src\luaos_conv.cpp">
      <Filter>源文件</Filter>
    </ClCompile>
  </ItemGroup>
  <ItemGroup>
    <ClInclude Include="..\src\luaos.h">
      <Filter>头文件</Filter>
    </ClInclude>
    <ClInclude Include="..\src\luaos_color.h">
      <Filter>头文件</Filter>
    </ClInclude>
    <ClInclude Include="..\src\luaos_console.h">
      <Filter>头文件</Filter>
    </ClInclude>
    <ClInclude Include="..\src\luaos_io.h">
      <Filter>头文件</Filter>
    </ClInclude>
    <ClInclude Include="..\src\luaos_local.h">
      <Filter>头文件</Filter>
    </ClInclude>
    <ClInclude Include="..\src\luaos_state.h">
      <Filter>头文件</Filter>
    </ClInclude>
    <ClInclude Include="..\src\luaos_socket.h">
      <Filter>头文件</Filter>
    </ClInclude>
    <ClInclude Include="..\src\luaos_subscriber.h">
      <Filter>头文件</Filter>
    </ClInclude>
    <ClInclude Include="..\src\luaos_logo.h">
      <Filter>头文件</Filter>
    </ClInclude>
    <ClInclude Include="..\src\dumper\ifdumper.h">
      <Filter>源文件\dumper</Filter>
    </ClInclude>
    <ClInclude Include="..\src\luaos_traceback.h">
      <Filter>头文件</Filter>
    </ClInclude>
    <ClInclude Include="..\src\luaos_compile.h">
      <Filter>头文件</Filter>
    </ClInclude>
    <ClInclude Include="..\src\bios\bios.h">
      <Filter>源文件\bios</Filter>
    </ClInclude>
    <ClInclude Include="..\src\luaos_mc.h">
      <Filter>头文件</Filter>
    </ClInclude>
    <ClInclude Include="..\src\luaos_storage.h">
      <Filter>头文件</Filter>
    </ClInclude>
    <ClInclude Include="..\src\luaos_rpcall.h">
      <Filter>头文件</Filter>
    </ClInclude>
    <ClInclude Include="..\src\luaos_master.h">
      <Filter>头文件</Filter>
    </ClInclude>
    <ClInclude Include="..\src\luaos_pack.h">
      <Filter>头文件</Filter>
    </ClInclude>
    <ClInclude Include="..\src\luaos_value.h">
      <Filter>头文件</Filter>
    </ClInclude>
    <ClInclude Include="..\src\luaos_conv.h">
      <Filter>头文件</Filter>
    </ClInclude>
  </ItemGroup>
</Project>