<?xml version="1.0" encoding="utf-8"?>
<Project ToolsVersion="4.0" xmlns="http://schemas.microsoft.com/developer/msbuild/2003">
  <ItemGroup>
    <Filter Include="源文件">
      <UniqueIdentifier>{4FC737F1-C7A5-4376-A066-2A32D752A2FF}</UniqueIdentifier>
      <Extensions>cpp;c;cc;cxx;c++;cppm;ixx;def;odl;idl;hpj;bat;asm;asmx</Extensions>
    </Filter>
    <Filter Include="头文件">
      <UniqueIdentifier>{93995380-89BD-4b04-88EB-625FBE52EBFB}</UniqueIdentifier>
      <Extensions>h;hh;hpp;hxx;h++;hm;inl;inc;ipp;xsd</Extensions>
    </Filter>
    <Filter Include="资源文件">
      <UniqueIdentifier>{67DA6AB6-F800-4c08-8B7A-83BB121AAD01}</UniqueIdentifier>
      <Extensions>rc;ico;cur;bmp;dlg;rc2;rct;bin;rgs;gif;jpg;jpeg;jpe;resx;tiff;tif;png;wav;mfcribbon-ms</Extensions>
    </Filter>
    <Filter Include="源文件\string">
      <UniqueIdentifier>{58eaa667-a7b4-4ea3-8dbe-7655891aaabb}</UniqueIdentifier>
    </Filter>
  </ItemGroup>
  <ItemGroup>
    <ClCompile Include="..\src\string\bsafe.c">
      <Filter>源文件\string</Filter>
    </ClCompile>
    <ClCompile Include="..\src\string\bstraux.c">
      <Filter>源文件\string</Filter>
    </ClCompile>
    <ClCompile Include="..\src\string\bstrlib.c">
      <Filter>源文件\string</Filter>
    </ClCompile>
    <ClCompile Include="..\src\string\bstrwrap.cpp">
      <Filter>源文件\string</Filter>
    </ClCompile>
    <ClCompile Include="..\src\string\buniutil.c">
      <Filter>源文件\string</Filter>
    </ClCompile>
    <ClCompile Include="..\src\string\utf8util.c">
      <Filter>源文件\string</Filter>
    </ClCompile>
    <ClCompile Include="..\src\xstring.cpp">
      <Filter>源文件</Filter>
    </ClCompile>
  </ItemGroup>
  <ItemGroup>
    <ClInclude Include="..\src\wrapper.h">
      <Filter>源文件</Filter>
    </ClInclude>
    <ClInclude Include="..\src\string\bsafe.h">
      <Filter>源文件\string</Filter>
    </ClInclude>
    <ClInclude Include="..\src\string\bstraux.h">
      <Filter>源文件\string</Filter>
    </ClInclude>
    <ClInclude Include="..\src\string\bstrlib.h">
      <Filter>源文件\string</Filter>
    </ClInclude>
    <ClInclude Include="..\src\string\bstrwrap.h">
      <Filter>源文件\string</Filter>
    </ClInclude>
    <ClInclude Include="..\src\string\buniutil.h">
      <Filter>源文件\string</Filter>
    </ClInclude>
    <ClInclude Include="..\src\string\utf8util.h">
      <Filter>源文件\string</Filter>
    </ClInclude>
    <ClInclude Include="..\src\xstring.h">
      <Filter>源文件</Filter>
    </ClInclude>
  </ItemGroup>
</Project>